{
  "name": "LotoFinder",
  "lockfileVersion": 2,
  "requires": true,
  "packages": {
    "": {
      "dependencies": {
        "quasar": "^2.15.2"
      }
    },
    "node_modules/quasar": {
      "version": "2.15.2",
      "resolved": "https://registry.npmjs.org/quasar/-/quasar-2.15.2.tgz",
      "integrity": "sha512-euCm5Elo5SfGNRY18HvKAknkBwesoUAFhZ6BxmliiEVHGes53ZcUKnMwZU/XsRhwiC6VQzBBSk/U0iEcdp/NyA==",
      "engines": {
        "node": ">= 10.18.1",
        "npm": ">= 6.13.4",
        "yarn": ">= 1.21.1"
      },
      "funding": {
        "type": "github",
        "url": "https://donate.quasar.dev"
      }
    }
  },
  "dependencies": {
    "quasar": {
      "version": "2.15.2",
      "resolved": "https://registry.npmjs.org/quasar/-/quasar-2.15.2.tgz",
      "integrity": "sha512-euCm5Elo5SfGNRY18HvKAknkBwesoUAFhZ6BxmliiEVHGes53ZcUKnMwZU/XsRhwiC6VQzBBSk/U0iEcdp/NyA=="
    }
  }
}
